
Microsoft Visual Studio Solution File, Format Version 12.00
# Visual Studio Version 16
VisualStudioVersion = 16.0.32901.82
MinimumVisualStudioVersion = 10.0.40219.1
Project("{FAE04EC0-301F-11D3-BF4B-00C04F79EFBC}") = "WaiterApp", "WaiterApp.csproj", "{B9169B0B-5DFA-4C23-870A-36AA1B5FAE1D}"
EndProject
Global
	GlobalSection(SolutionConfigurationPlatforms) = preSolution
		Debug|Any CPU = Debug|Any CPU
		Release|Any CPU = Release|Any CPU
	EndGlobalSection
	GlobalSection(ProjectConfigurationPlatforms) = postSolution
		{B9169B0B-5DFA-4C23-870A-36AA1B5FAE1D}.Debug|Any CPU.ActiveCfg = Debug|Any CPU
		{B9169B0B-5DFA-4C23-870A-36AA1B5FAE1D}.Debug|Any CPU.Build.0 = Debug|Any CPU
		{B9169B0B-5DFA-4C23-870A-36AA1B5FAE1D}.Release|Any CPU.ActiveCfg = Release|Any CPU
		{B9169B0B-5DFA-4C23-870A-36AA1B5FAE1D}.Release|Any CPU.Build.0 = Release|Any CPU
	EndGlobalSection
	GlobalSection(SolutionProperties) = preSolution
		HideSolutionNode = FALSE
	EndGlobalSection
	GlobalSection(ExtensibilityGlobals) = postSolution
		SolutionGuid = {2E13D0BD-E79E-4240-8DF9-EC60BB93B88F}
	EndGlobalSection
EndGlobal
